
Microsoft Visual Studio Solution File, Format Version 12.00
# Visual Studio Version 17
VisualStudioVersion = 17.11.35312.102
MinimumVisualStudioVersion = 10.0.40219.1
Project("{9A19103F-16F7-4668-BE54-9A1E7A4F7556}") = "ESSyncUtilityCSV", "ESSyncUtilityCSV.csproj", "{08243224-3A32-47ED-9DC2-2B5A65524A85}"
EndProject
Global
	GlobalSection(SolutionConfigurationPlatforms) = preSolution
		Debug|Any CPU = Debug|Any CPU
		Release|Any CPU = Release|Any CPU
	EndGlobalSection
	GlobalSection(ProjectConfigurationPlatforms) = postSolution
		{08243224-3A32-47ED-9DC2-2B5A65524A85}.Debug|Any CPU.ActiveCfg = Debug|Any CPU
		{08243224-3A32-47ED-9DC2-2B5A65524A85}.Debug|Any CPU.Build.0 = Debug|Any CPU
		{08243224-3A32-47ED-9DC2-2B5A65524A85}.Release|Any CPU.ActiveCfg = Release|Any CPU
		{08243224-3A32-47ED-9DC2-2B5A65524A85}.Release|Any CPU.Build.0 = Release|Any CPU
	EndGlobalSection
	GlobalSection(SolutionProperties) = preSolution
		HideSolutionNode = FALSE
	EndGlobalSection
	GlobalSection(ExtensibilityGlobals) = postSolution
		SolutionGuid = {079BF3A4-072D-4036-9537-FA71AC9AF959}
	EndGlobalSection
EndGlobal
